
Microsoft Visual Studio Solution File, Format Version 12.00
# Visual Studio Version 16
VisualStudioVersion = 16.0.30128.74
MinimumVisualStudioVersion = 10.0.40219.1
Project("{9A19103F-16F7-4668-BE54-9A1E7A4F7556}") = "Controlpanel", "Controlpanel\Controlpanel.csproj", "{91C11A57-2A9C-4C31-8D41-E753563AFBE6}"
EndProject
Project("{2150E333-8FDC-42A3-9474-1A3956D46DE8}") = "Solution Items", "Solution Items", "{8DE5DE7E-C482-48C8-BD6D-23EA670C999A}"
	ProjectSection(SolutionItems) = preProject
		.editorconfig = .editorconfig
	EndProjectSection
EndProject
Global
	GlobalSection(SolutionConfigurationPlatforms) = preSolution
		Debug|Any CPU = Debug|Any CPU
		Release|Any CPU = Release|Any CPU
	EndGlobalSection
	GlobalSection(ProjectConfigurationPlatforms) = postSolution
		{91C11A57-2A9C-4C31-8D41-E753563AFBE6}.Debug|Any CPU.ActiveCfg = Debug|Any CPU
		{91C11A57-2A9C-4C31-8D41-E753563AFBE6}.Debug|Any CPU.Build.0 = Debug|Any CPU
		{91C11A57-2A9C-4C31-8D41-E753563AFBE6}.Release|Any CPU.ActiveCfg = Release|Any CPU
		{91C11A57-2A9C-4C31-8D41-E753563AFBE6}.Release|Any CPU.Build.0 = Release|Any CPU
	EndGlobalSection
	GlobalSection(SolutionProperties) = preSolution
		HideSolutionNode = FALSE
	EndGlobalSection
	GlobalSection(ExtensibilityGlobals) = postSolution
		SolutionGuid = {36B86303-AA34-4D39-8F7E-6E0303083E85}
	EndGlobalSection
EndGlobal
